{
  "lockfileVersion": 1,
  "configVersion": 0,
  "workspaces": {
    "": {
      "name": "ez-hook",
      "devDependencies": {
        "@biomejs/biome": "2.3.8",
        "@types/bun": "^1.2.22",
        "lefthook": "^2.0.1",
        "typescript": "^5.9.3",
      },
    },
  },
  "packages": {
    "@biomejs/biome": ["@biomejs/biome@2.3.8", "", { "optionalDependencies": { "@biomejs/cli-darwin-arm64": "2.3.8", "@biomejs/cli-darwin-x64": "2.3.8", "@biomejs/cli-linux-arm64": "2.3.8", "@biomejs/cli-linux-arm64-musl": "2.3.8", "@biomejs/cli-linux-x64": "2.3.8", "@biomejs/cli-linux-x64-musl": "2.3.8", "@biomejs/cli-win32-arm64": "2.3.8", "@biomejs/cli-win32-x64": "2.3.8" }, "bin": { "biome": "bin/biome" } }, "sha512-Qjsgoe6FEBxWAUzwFGFrB+1+M8y/y5kwmg5CHac+GSVOdmOIqsAiXM5QMVGZJ1eCUCLlPZtq4aFAQ0eawEUuUA=="],

    "@biomejs/cli-darwin-arm64": ["@biomejs/cli-darwin-arm64@2.3.8", "", { "os": "darwin", "cpu": "arm64" }, "sha512-HM4Zg9CGQ3txTPflxD19n8MFPrmUAjaC7PQdLkugeeC0cQ+PiVrd7i09gaBS/11QKsTDBJhVg85CEIK9f50Qww=="],

    "@biomejs/cli-darwin-x64": ["@biomejs/cli-darwin-x64@2.3.8", "", { "os": "darwin", "cpu": "x64" }, "sha512-lUDQ03D7y/qEao7RgdjWVGCu+BLYadhKTm40HkpJIi6kn8LSv5PAwRlew/DmwP4YZ9ke9XXoTIQDO1vAnbRZlA=="],

    "@biomejs/cli-linux-arm64": ["@biomejs/cli-linux-arm64@2.3.8", "", { "os": "linux", "cpu": "arm64" }, "sha512-Uo1OJnIkJgSgF+USx970fsM/drtPcQ39I+JO+Fjsaa9ZdCN1oysQmy6oAGbyESlouz+rzEckLTF6DS7cWse95g=="],

    "@biomejs/cli-linux-arm64-musl": ["@biomejs/cli-linux-arm64-musl@2.3.8", "", { "os": "linux", "cpu": "arm64" }, "sha512-PShR4mM0sjksUMyxbyPNMxoKFPVF48fU8Qe8Sfx6w6F42verbwRLbz+QiKNiDPRJwUoMG1nPM50OBL3aOnTevA=="],

    "@biomejs/cli-linux-x64": ["@biomejs/cli-linux-x64@2.3.8", "", { "os": "linux", "cpu": "x64" }, "sha512-QDPMD5bQz6qOVb3kiBui0zKZXASLo0NIQ9JVJio5RveBEFgDgsvJFUvZIbMbUZT3T00M/1wdzwWXk4GIh0KaAw=="],

    "@biomejs/cli-linux-x64-musl": ["@biomejs/cli-linux-x64-musl@2.3.8", "", { "os": "linux", "cpu": "x64" }, "sha512-YGLkqU91r1276uwSjiUD/xaVikdxgV1QpsicT0bIA1TaieM6E5ibMZeSyjQ/izBn4tKQthUSsVZacmoJfa3pDA=="],

    "@biomejs/cli-win32-arm64": ["@biomejs/cli-win32-arm64@2.3.8", "", { "os": "win32", "cpu": "arm64" }, "sha512-H4IoCHvL1fXKDrTALeTKMiE7GGWFAraDwBYFquE/L/5r1927Te0mYIGseXi4F+lrrwhSWbSGt5qPFswNoBaCxg=="],

    "@biomejs/cli-win32-x64": ["@biomejs/cli-win32-x64@2.3.8", "", { "os": "win32", "cpu": "x64" }, "sha512-RguzimPoZWtBapfKhKjcWXBVI91tiSprqdBYu7tWhgN8pKRZhw24rFeNZTNf6UiBfjCYCi9eFQs/JzJZIhuK4w=="],

    "@types/bun": ["@types/bun@1.3.8", "", { "dependencies": { "bun-types": "1.3.8" } }, "sha512-3LvWJ2q5GerAXYxO2mffLTqOzEu5qnhEAlh48Vnu8WQfnmSwbgagjGZV6BoHKJztENYEDn6QmVd949W4uESRJA=="],

    "@types/node": ["@types/node@20.12.12", "", { "dependencies": { "undici-types": "~5.26.4" } }, "sha512-eWLDGF/FOSPtAvEqeRAQ4C8LSA7M1I7i0ky1I8U7kD1J5ITyW3AsRhQrKVoWf5pFKZ2kILsEGJhsI9r93PYnOw=="],

    "bun-types": ["bun-types@1.3.8", "", { "dependencies": { "@types/node": "*" } }, "sha512-fL99nxdOWvV4LqjmC+8Q9kW3M4QTtTR1eePs94v5ctGqU8OeceWrSUaRw3JYb7tU3FkMIAjkueehrHPPPGKi5Q=="],

    "lefthook": ["lefthook@2.1.0", "", { "optionalDependencies": { "lefthook-darwin-arm64": "2.1.0", "lefthook-darwin-x64": "2.1.0", "lefthook-freebsd-arm64": "2.1.0", "lefthook-freebsd-x64": "2.1.0", "lefthook-linux-arm64": "2.1.0", "lefthook-linux-x64": "2.1.0", "lefthook-openbsd-arm64": "2.1.0", "lefthook-openbsd-x64": "2.1.0", "lefthook-windows-arm64": "2.1.0", "lefthook-windows-x64": "2.1.0" }, "bin": { "lefthook": "bin/index.js" } }, "sha512-+vS+yywGQW6CN1J1hbGkez//6ixGHIQqfxDN/d3JDm531w9GfGt2lAWTDfZTw/CEl80XsN0raFcnEraR3ldw9g=="],

    "lefthook-darwin-arm64": ["lefthook-darwin-arm64@2.1.0", "", { "os": "darwin", "cpu": "arm64" }, "sha512-u2hjHLQXWSFfzO7ln2n/uEydSzfC9sc5cDC7tvKSuOdhvBwaJ0AQ7ZeuqqCQ4YfVIJfYOom1SVE9CBd10FVyig=="],

    "lefthook-darwin-x64": ["lefthook-darwin-x64@2.1.0", "", { "os": "darwin", "cpu": "x64" }, "sha512-zz5rcyrtOZpxon7uE+c0KC/o2ypJeLZql5CL0Y9oaTuECbmhfokm8glsGnyWstW/++PuMpZYYr/qsCJA5elxkQ=="],

    "lefthook-freebsd-arm64": ["lefthook-freebsd-arm64@2.1.0", "", { "os": "freebsd", "cpu": "arm64" }, "sha512-+mXNCNuFHNGYLrDqYWDeHH7kWCLCJFPpspx5PAAm+PD37PRMZJrTqDbaNK9qCghC1tdmT4/Lvilf/ewXHPlaKw=="],

    "lefthook-freebsd-x64": ["lefthook-freebsd-x64@2.1.0", "", { "os": "freebsd", "cpu": "x64" }, "sha512-+AU2HD7szuDsUdHue/E3OnF84B2ae/h7CGKpuIUHJntgoJ4kxf89oDvq2/xl8kDCn9cT76UUjgeZUgFYLRj+6Q=="],

    "lefthook-linux-arm64": ["lefthook-linux-arm64@2.1.0", "", { "os": "linux", "cpu": "arm64" }, "sha512-KM70eV1tsEib1/tk+3TFxIdH84EaYlIg5KTQWAg+LB1N23nTQ7lL4Dnh1je6f6KW4tf21nmoMUqsh0xvMkQk8Q=="],

    "lefthook-linux-x64": ["lefthook-linux-x64@2.1.0", "", { "os": "linux", "cpu": "x64" }, "sha512-6Bxmv+l7LiYq9W0IE6v2lmlRtBp6pisnlzhcouMGvH3rDwEGw11NAyRJZA3IPGEMAkIuhnlnVTUwAUzKomfJLg=="],

    "lefthook-openbsd-arm64": ["lefthook-openbsd-arm64@2.1.0", "", { "os": "openbsd", "cpu": "arm64" }, "sha512-ppJNK0bBSPLC8gqksRw5zI/0uLeMA5cK+hmZ4ofcuGNmdrN1dfl2Tx84fdeef0NcQY0ii9Y3j3icIKngIoid/g=="],

    "lefthook-openbsd-x64": ["lefthook-openbsd-x64@2.1.0", "", { "os": "openbsd", "cpu": "x64" }, "sha512-8k9lQsMYqQGu4spaQ8RNSOJidxIcOyfaoF2FPZhthtBfRV3cgVFGrsQ0hbIi5pvQRGUlCqYuCN79qauXHmnL3Q=="],

    "lefthook-windows-arm64": ["lefthook-windows-arm64@2.1.0", "", { "os": "win32", "cpu": "arm64" }, "sha512-0WN+grrxt9zP9NGRcztoPXcz25tteem91rfLWgQFab+50csJ47zldlsB7/eOS/eHG5mUg5g5NPR4XefnXtjOcQ=="],

    "lefthook-windows-x64": ["lefthook-windows-x64@2.1.0", "", { "os": "win32", "cpu": "x64" }, "sha512-XbO/5nAZQLpUn0tPpgCYfFBFJHnymSglQ73jD6wymNrR1j8I5EcXGlP6YcLhnZ83yzsdLC+gup+N6IqUeiyRdw=="],

    "typescript": ["typescript@5.9.3", "", { "bin": { "tsc": "bin/tsc", "tsserver": "bin/tsserver" } }, "sha512-jl1vZzPDinLr9eUt3J/t7V6FgNEw9QjvBPdysz9KfQDD41fQrC2Y4vKQdiaUpFT4bXlb1RHhLpp8wtm6M5TgSw=="],

    "undici-types": ["undici-types@5.26.5", "", {}, "sha512-JlCMO+ehdEIKqlFxk6IfVoAUVmgz7cU7zD/h9XZ0qzeosSHmUJVOzSQvvYSYWXkFXC+IfLKSIffhv0sVZup6pA=="],
  }
}
